
Microsoft Visual Studio Solution File, Format Version 12.00
# Visual Studio Version 17
VisualStudioVersion = 17.13.35806.99 d17.13
MinimumVisualStudioVersion = 10.0.40219.1
Project("{FAE04EC0-301F-11D3-BF4B-00C04F79EFBC}") = "Semana 4 - Tarea 1", "Semana 4 - Tarea 1\Semana 4 - Tarea 1.csproj", "{5C9CA166-838A-4FDE-A58F-643C75C73732}"
EndProject
Global
	GlobalSection(SolutionConfigurationPlatforms) = preSolution
		Debug|Any CPU = Debug|Any CPU
		Release|Any CPU = Release|Any CPU
	EndGlobalSection
	GlobalSection(ProjectConfigurationPlatforms) = postSolution
		{5C9CA166-838A-4FDE-A58F-643C75C73732}.Debug|Any CPU.ActiveCfg = Debug|Any CPU
		{5C9CA166-838A-4FDE-A58F-643C75C73732}.Debug|Any CPU.Build.0 = Debug|Any CPU
		{5C9CA166-838A-4FDE-A58F-643C75C73732}.Release|Any CPU.ActiveCfg = Release|Any CPU
		{5C9CA166-838A-4FDE-A58F-643C75C73732}.Release|Any CPU.Build.0 = Release|Any CPU
	EndGlobalSection
	GlobalSection(SolutionProperties) = preSolution
		HideSolutionNode = FALSE
	EndGlobalSection
	GlobalSection(ExtensibilityGlobals) = postSolution
		SolutionGuid = {81B28EE7-602F-4522-BE63-6EDA32EBD7ED}
	EndGlobalSection
EndGlobal
